
Microsoft Visual Studio Solution File, Format Version 12.00
# Visual Studio Version 17
VisualStudioVersion = 17.14.37012.4 d17.14
MinimumVisualStudioVersion = 10.0.40219.1
Project("{FAE04EC0-301F-11D3-BF4B-00C04F79EFBC}") = "lab6-practice-c#", "lab6-practice-c#.csproj", "{78F5924B-75B7-4EBE-874F-B1214FF71DC3}"
EndProject
Project("{FAE04EC0-301F-11D3-BF4B-00C04F79EFBC}") = "lab6-part2-c#", "..\lab6-part2-c#\lab6-part2-c#.csproj", "{F445B5FF-8764-4720-8687-D01F2596191D}"
EndProject
Global
	GlobalSection(SolutionConfigurationPlatforms) = preSolution
		Debug|Any CPU = Debug|Any CPU
		Release|Any CPU = Release|Any CPU
	EndGlobalSection
	GlobalSection(ProjectConfigurationPlatforms) = postSolution
		{78F5924B-75B7-4EBE-874F-B1214FF71DC3}.Debug|Any CPU.ActiveCfg = Debug|Any CPU
		{78F5924B-75B7-4EBE-874F-B1214FF71DC3}.Debug|Any CPU.Build.0 = Debug|Any CPU
		{78F5924B-75B7-4EBE-874F-B1214FF71DC3}.Release|Any CPU.ActiveCfg = Release|Any CPU
		{78F5924B-75B7-4EBE-874F-B1214FF71DC3}.Release|Any CPU.Build.0 = Release|Any CPU
		{F445B5FF-8764-4720-8687-D01F2596191D}.Debug|Any CPU.ActiveCfg = Debug|Any CPU
		{F445B5FF-8764-4720-8687-D01F2596191D}.Debug|Any CPU.Build.0 = Debug|Any CPU
		{F445B5FF-8764-4720-8687-D01F2596191D}.Release|Any CPU.ActiveCfg = Release|Any CPU
		{F445B5FF-8764-4720-8687-D01F2596191D}.Release|Any CPU.Build.0 = Release|Any CPU
	EndGlobalSection
	GlobalSection(SolutionProperties) = preSolution
		HideSolutionNode = FALSE
	EndGlobalSection
	GlobalSection(ExtensibilityGlobals) = postSolution
		SolutionGuid = {94E19F92-D312-4DF3-975F-3058DE38AC1C}
	EndGlobalSection
EndGlobal
