
Microsoft Visual Studio Solution File, Format Version 12.00
# Visual Studio Version 17
VisualStudioVersion = 17.7.34018.315
MinimumVisualStudioVersion = 10.0.40219.1
Project("{FAE04EC0-301F-11D3-BF4B-00C04F79EFBC}") = "day7-Duration", "day7-Duration.csproj", "{E2E5C8CB-2EC8-454E-86EA-5257E3EB31B0}"
EndProject
Project("{FAE04EC0-301F-11D3-BF4B-00C04F79EFBC}") = "day7-Shapes", "..\day6-inheritance-shapes\day7-Shapes.csproj", "{27D1879A-FE22-4367-94EF-2433A2B3F1D0}"
EndProject
Project("{FAE04EC0-301F-11D3-BF4B-00C04F79EFBC}") = "day7-Employee", "..\day7-Employee\day7-Employee.csproj", "{1A2D439B-5052-400C-85BD-2800971F3A6B}"
EndProject
Project("{FAE04EC0-301F-11D3-BF4B-00C04F79EFBC}") = "day7-Authenticate", "..\day7-Authenticate\day7-Authenticate.csproj", "{06A5D4D2-7406-4B14-B3C0-09392D332510}"
EndProject
Global
	GlobalSection(SolutionConfigurationPlatforms) = preSolution
		Debug|Any CPU = Debug|Any CPU
		Release|Any CPU = Release|Any CPU
	EndGlobalSection
	GlobalSection(ProjectConfigurationPlatforms) = postSolution
		{E2E5C8CB-2EC8-454E-86EA-5257E3EB31B0}.Debug|Any CPU.ActiveCfg = Debug|Any CPU
		{E2E5C8CB-2EC8-454E-86EA-5257E3EB31B0}.Debug|Any CPU.Build.0 = Debug|Any CPU
		{E2E5C8CB-2EC8-454E-86EA-5257E3EB31B0}.Release|Any CPU.ActiveCfg = Release|Any CPU
		{E2E5C8CB-2EC8-454E-86EA-5257E3EB31B0}.Release|Any CPU.Build.0 = Release|Any CPU
		{27D1879A-FE22-4367-94EF-2433A2B3F1D0}.Debug|Any CPU.ActiveCfg = Debug|Any CPU
		{27D1879A-FE22-4367-94EF-2433A2B3F1D0}.Debug|Any CPU.Build.0 = Debug|Any CPU
		{27D1879A-FE22-4367-94EF-2433A2B3F1D0}.Release|Any CPU.ActiveCfg = Release|Any CPU
		{27D1879A-FE22-4367-94EF-2433A2B3F1D0}.Release|Any CPU.Build.0 = Release|Any CPU
		{1A2D439B-5052-400C-85BD-2800971F3A6B}.Debug|Any CPU.ActiveCfg = Debug|Any CPU
		{1A2D439B-5052-400C-85BD-2800971F3A6B}.Debug|Any CPU.Build.0 = Debug|Any CPU
		{1A2D439B-5052-400C-85BD-2800971F3A6B}.Release|Any CPU.ActiveCfg = Release|Any CPU
		{1A2D439B-5052-400C-85BD-2800971F3A6B}.Release|Any CPU.Build.0 = Release|Any CPU
		{06A5D4D2-7406-4B14-B3C0-09392D332510}.Debug|Any CPU.ActiveCfg = Debug|Any CPU
		{06A5D4D2-7406-4B14-B3C0-09392D332510}.Debug|Any CPU.Build.0 = Debug|Any CPU
		{06A5D4D2-7406-4B14-B3C0-09392D332510}.Release|Any CPU.ActiveCfg = Release|Any CPU
		{06A5D4D2-7406-4B14-B3C0-09392D332510}.Release|Any CPU.Build.0 = Release|Any CPU
	EndGlobalSection
	GlobalSection(SolutionProperties) = preSolution
		HideSolutionNode = FALSE
	EndGlobalSection
	GlobalSection(ExtensibilityGlobals) = postSolution
		SolutionGuid = {30F0186D-B98E-43E5-889B-9A7342A8E34F}
	EndGlobalSection
EndGlobal
