
Microsoft Visual Studio Solution File, Format Version 12.00
# Visual Studio Version 17
VisualStudioVersion = 17.14.37012.4
MinimumVisualStudioVersion = 10.0.40219.1
Project("{FAE04EC0-301F-11D3-BF4B-00C04F79EFBC}") = "day1", "day1.csproj", "{DDE9C63B-9BB4-4A07-834E-C874D16E7F85}"
EndProject
Project("{FAE04EC0-301F-11D3-BF4B-00C04F79EFBC}") = "ITI_EF", "..\ITI_EF\ITI_EF.csproj", "{07C0DC85-BC6A-4E91-B42F-236518DA64C6}"
EndProject
Project("{FAE04EC0-301F-11D3-BF4B-00C04F79EFBC}") = "ITI_EF_Day3", "..\EF_Day3\ITI_EF_Day3.csproj", "{F15FDB9E-AF8A-4F8F-9327-8911107BBCF2}"
EndProject
Global
	GlobalSection(SolutionConfigurationPlatforms) = preSolution
		Debug|Any CPU = Debug|Any CPU
		Release|Any CPU = Release|Any CPU
	EndGlobalSection
	GlobalSection(ProjectConfigurationPlatforms) = postSolution
		{DDE9C63B-9BB4-4A07-834E-C874D16E7F85}.Debug|Any CPU.ActiveCfg = Debug|Any CPU
		{DDE9C63B-9BB4-4A07-834E-C874D16E7F85}.Debug|Any CPU.Build.0 = Debug|Any CPU
		{DDE9C63B-9BB4-4A07-834E-C874D16E7F85}.Release|Any CPU.ActiveCfg = Release|Any CPU
		{DDE9C63B-9BB4-4A07-834E-C874D16E7F85}.Release|Any CPU.Build.0 = Release|Any CPU
		{07C0DC85-BC6A-4E91-B42F-236518DA64C6}.Debug|Any CPU.ActiveCfg = Debug|Any CPU
		{07C0DC85-BC6A-4E91-B42F-236518DA64C6}.Debug|Any CPU.Build.0 = Debug|Any CPU
		{07C0DC85-BC6A-4E91-B42F-236518DA64C6}.Release|Any CPU.ActiveCfg = Release|Any CPU
		{07C0DC85-BC6A-4E91-B42F-236518DA64C6}.Release|Any CPU.Build.0 = Release|Any CPU
		{F15FDB9E-AF8A-4F8F-9327-8911107BBCF2}.Debug|Any CPU.ActiveCfg = Debug|Any CPU
		{F15FDB9E-AF8A-4F8F-9327-8911107BBCF2}.Debug|Any CPU.Build.0 = Debug|Any CPU
		{F15FDB9E-AF8A-4F8F-9327-8911107BBCF2}.Release|Any CPU.ActiveCfg = Release|Any CPU
		{F15FDB9E-AF8A-4F8F-9327-8911107BBCF2}.Release|Any CPU.Build.0 = Release|Any CPU
	EndGlobalSection
	GlobalSection(SolutionProperties) = preSolution
		HideSolutionNode = FALSE
	EndGlobalSection
	GlobalSection(ExtensibilityGlobals) = postSolution
		SolutionGuid = {9306BD95-EBFE-48E5-BF19-C8FF7AC07A3D}
	EndGlobalSection
EndGlobal
