
Microsoft Visual Studio Solution File, Format Version 12.00
# Visual Studio Version 17
VisualStudioVersion = 17.14.37012.4 d17.14
MinimumVisualStudioVersion = 10.0.40219.1
Project("{FAE04EC0-301F-11D3-BF4B-00C04F79EFBC}") = "day5-c#", "day5-c#.csproj", "{382FB2D4-04E4-4A5F-8784-9B8A40FD1E3F}"
EndProject
Global
	GlobalSection(SolutionConfigurationPlatforms) = preSolution
		Debug|Any CPU = Debug|Any CPU
		Release|Any CPU = Release|Any CPU
	EndGlobalSection
	GlobalSection(ProjectConfigurationPlatforms) = postSolution
		{382FB2D4-04E4-4A5F-8784-9B8A40FD1E3F}.Debug|Any CPU.ActiveCfg = Debug|Any CPU
		{382FB2D4-04E4-4A5F-8784-9B8A40FD1E3F}.Debug|Any CPU.Build.0 = Debug|Any CPU
		{382FB2D4-04E4-4A5F-8784-9B8A40FD1E3F}.Release|Any CPU.ActiveCfg = Release|Any CPU
		{382FB2D4-04E4-4A5F-8784-9B8A40FD1E3F}.Release|Any CPU.Build.0 = Release|Any CPU
	EndGlobalSection
	GlobalSection(SolutionProperties) = preSolution
		HideSolutionNode = FALSE
	EndGlobalSection
	GlobalSection(ExtensibilityGlobals) = postSolution
		SolutionGuid = {47B3E9EC-9173-48B7-94BF-A099EC6C513D}
	EndGlobalSection
EndGlobal
