
Microsoft Visual Studio Solution File, Format Version 12.00
# Visual Studio Version 17
VisualStudioVersion = 17.7.34018.315
MinimumVisualStudioVersion = 10.0.40219.1
Project("{FAE04EC0-301F-11D3-BF4B-00C04F79EFBC}") = "day5-class", "day5-class.csproj", "{B0CEEDF4-7B23-4035-9D62-C10947350D9A}"
EndProject
Global
	GlobalSection(SolutionConfigurationPlatforms) = preSolution
		Debug|Any CPU = Debug|Any CPU
		Release|Any CPU = Release|Any CPU
	EndGlobalSection
	GlobalSection(ProjectConfigurationPlatforms) = postSolution
		{B0CEEDF4-7B23-4035-9D62-C10947350D9A}.Debug|Any CPU.ActiveCfg = Debug|Any CPU
		{B0CEEDF4-7B23-4035-9D62-C10947350D9A}.Debug|Any CPU.Build.0 = Debug|Any CPU
		{B0CEEDF4-7B23-4035-9D62-C10947350D9A}.Release|Any CPU.ActiveCfg = Release|Any CPU
		{B0CEEDF4-7B23-4035-9D62-C10947350D9A}.Release|Any CPU.Build.0 = Release|Any CPU
	EndGlobalSection
	GlobalSection(SolutionProperties) = preSolution
		HideSolutionNode = FALSE
	EndGlobalSection
	GlobalSection(ExtensibilityGlobals) = postSolution
		SolutionGuid = {66D10A20-DB3F-4B08-8334-8D668E5FEABF}
	EndGlobalSection
EndGlobal
