
Microsoft Visual Studio Solution File, Format Version 12.00
# Visual Studio Version 17
VisualStudioVersion = 17.14.37012.4
MinimumVisualStudioVersion = 10.0.40219.1
Project("{FAE04EC0-301F-11D3-BF4B-00C04F79EFBC}") = "day3Lab-visualC#(Emplyee)", "day3Lab-visualC#(Emplyee).csproj", "{C1DE2A69-5D1E-4CA0-A06C-430E7A83D44C}"
EndProject
Project("{FAE04EC0-301F-11D3-BF4B-00C04F79EFBC}") = "day3Lab-visualC#(Player)", "..\day3Lab-visualC#(Player)\day3Lab-visualC#(Player).csproj", "{414D1C13-0F96-4203-9670-4967CCC4B74F}"
EndProject
Global
	GlobalSection(SolutionConfigurationPlatforms) = preSolution
		Debug|Any CPU = Debug|Any CPU
		Release|Any CPU = Release|Any CPU
	EndGlobalSection
	GlobalSection(ProjectConfigurationPlatforms) = postSolution
		{C1DE2A69-5D1E-4CA0-A06C-430E7A83D44C}.Debug|Any CPU.ActiveCfg = Debug|Any CPU
		{C1DE2A69-5D1E-4CA0-A06C-430E7A83D44C}.Debug|Any CPU.Build.0 = Debug|Any CPU
		{C1DE2A69-5D1E-4CA0-A06C-430E7A83D44C}.Release|Any CPU.ActiveCfg = Release|Any CPU
		{C1DE2A69-5D1E-4CA0-A06C-430E7A83D44C}.Release|Any CPU.Build.0 = Release|Any CPU
		{414D1C13-0F96-4203-9670-4967CCC4B74F}.Debug|Any CPU.ActiveCfg = Debug|Any CPU
		{414D1C13-0F96-4203-9670-4967CCC4B74F}.Debug|Any CPU.Build.0 = Debug|Any CPU
		{414D1C13-0F96-4203-9670-4967CCC4B74F}.Release|Any CPU.ActiveCfg = Release|Any CPU
		{414D1C13-0F96-4203-9670-4967CCC4B74F}.Release|Any CPU.Build.0 = Release|Any CPU
	EndGlobalSection
	GlobalSection(SolutionProperties) = preSolution
		HideSolutionNode = FALSE
	EndGlobalSection
	GlobalSection(ExtensibilityGlobals) = postSolution
		SolutionGuid = {D08A717C-F075-4A08-8117-DE29C900C63B}
	EndGlobalSection
EndGlobal
