
Microsoft Visual Studio Solution File, Format Version 12.00
# Visual Studio Version 17
VisualStudioVersion = 17.14.37012.4
MinimumVisualStudioVersion = 10.0.40219.1
Project("{FAE04EC0-301F-11D3-BF4B-00C04F79EFBC}") = "WindowsFormsControlLibrary", "..\WindowsFormsControlLibrary\WindowsFormsControlLibrary.csproj", "{4D21A0B2-E2E4-4A24-85B4-9F64ED7FF7A8}"
EndProject
Project("{FAE04EC0-301F-11D3-BF4B-00C04F79EFBC}") = "WindowsFormsApp-LoginForm", "..\WindowsFormsApp-LoginForm\WindowsFormsApp-LoginForm.csproj", "{1AE88A4E-D69E-4CEC-8C7A-932294CD64A2}"
EndProject
Global
	GlobalSection(SolutionConfigurationPlatforms) = preSolution
		Debug|Any CPU = Debug|Any CPU
		Release|Any CPU = Release|Any CPU
	EndGlobalSection
	GlobalSection(ProjectConfigurationPlatforms) = postSolution
		{4D21A0B2-E2E4-4A24-85B4-9F64ED7FF7A8}.Debug|Any CPU.ActiveCfg = Debug|Any CPU
		{4D21A0B2-E2E4-4A24-85B4-9F64ED7FF7A8}.Debug|Any CPU.Build.0 = Debug|Any CPU
		{4D21A0B2-E2E4-4A24-85B4-9F64ED7FF7A8}.Release|Any CPU.ActiveCfg = Release|Any CPU
		{4D21A0B2-E2E4-4A24-85B4-9F64ED7FF7A8}.Release|Any CPU.Build.0 = Release|Any CPU
		{1AE88A4E-D69E-4CEC-8C7A-932294CD64A2}.Debug|Any CPU.ActiveCfg = Debug|Any CPU
		{1AE88A4E-D69E-4CEC-8C7A-932294CD64A2}.Debug|Any CPU.Build.0 = Debug|Any CPU
		{1AE88A4E-D69E-4CEC-8C7A-932294CD64A2}.Release|Any CPU.ActiveCfg = Release|Any CPU
		{1AE88A4E-D69E-4CEC-8C7A-932294CD64A2}.Release|Any CPU.Build.0 = Release|Any CPU
	EndGlobalSection
	GlobalSection(SolutionProperties) = preSolution
		HideSolutionNode = FALSE
	EndGlobalSection
	GlobalSection(ExtensibilityGlobals) = postSolution
		SolutionGuid = {2671CBAB-6C77-4631-9ADD-03F6E4E87DE5}
	EndGlobalSection
EndGlobal
